// !$*UTF8*$!
{
	archiveVersion = 1;
	classes = {
	};
	objectVersion = 56;
	objects = {

/* Begin PBXBuildFile section */
		92943E9B2CB67C6C00763691 /* ArticleView.swift in Sources */ = {isa = PBXBuildFile; fileRef = 92943E9A2CB67C6C00763691 /* ArticleView.swift */; };
		92943E9F2CB6B90A00763691 /* ArticleViewModel.swift in Sources */ = {isa = PBXBuildFile; fileRef = 92943E9E2CB6B90A00763691 /* ArticleViewModel.swift */; };
		929DF5F92CB64C1100A9655D /* Article.swift in Sources */ = {isa = PBXBuildFile; fileRef = 929DF5F82CB64C1100A9655D /* Article.swift */; };
		929DF5FC2CB6512100A9655D /* APIEndpoints.swift in Sources */ = {isa = PBXBuildFile; fileRef = 929DF5FB2CB6512100A9655D /* APIEndpoints.swift */; };
		929DF5FF2CB653B100A9655D /* NetworkManager.swift in Sources */ = {isa = PBXBuildFile; fileRef = 929DF5FE2CB653B100A9655D /* NetworkManager.swift */; };
		929DF6012CB654B100A9655D /* NetworkManagerProtocol.swift in Sources */ = {isa = PBXBuildFile; fileRef = 929DF6002CB654B100A9655D /* NetworkManagerProtocol.swift */; };
		92F0FDDF2CB66247003A2778 /* ArticleService.swift in Sources */ = {isa = PBXBuildFile; fileRef = 92F0FDDE2CB66247003A2778 /* ArticleService.swift */; };
		92F0FDE12CB6625B003A2778 /* ArticleServiceProtocol.swift in Sources */ = {isa = PBXBuildFile; fileRef = 92F0FDE02CB6625B003A2778 /* ArticleServiceProtocol.swift */; };
		92F785A02CB6410300FDE4EB /* KekaDemoProjectApp.swift in Sources */ = {isa = PBXBuildFile; fileRef = 92F7859F2CB6410300FDE4EB /* KekaDemoProjectApp.swift */; };
		92F785A22CB6410300FDE4EB /* ContentView.swift in Sources */ = {isa = PBXBuildFile; fileRef = 92F785A12CB6410300FDE4EB /* ContentView.swift */; };
		92F785A42CB6411300FDE4EB /* Assets.xcassets in Resources */ = {isa = PBXBuildFile; fileRef = 92F785A32CB6411300FDE4EB /* Assets.xcassets */; };
		92F785A72CB6411300FDE4EB /* Preview Assets.xcassets in Resources */ = {isa = PBXBuildFile; fileRef = 92F785A62CB6411300FDE4EB /* Preview Assets.xcassets */; };
		92F785A92CB6411300FDE4EB /* CoreDataStack.swift in Sources */ = {isa = PBXBuildFile; fileRef = 92F785A82CB6411300FDE4EB /* CoreDataStack.swift */; };
		92F785AC2CB6411300FDE4EB /* KekaDemoProject.xcdatamodeld in Sources */ = {isa = PBXBuildFile; fileRef = 92F785AA2CB6411300FDE4EB /* KekaDemoProject.xcdatamodeld */; };
		92F785B62CB6411300FDE4EB /* KekaDemoProjectTests.swift in Sources */ = {isa = PBXBuildFile; fileRef = 92F785B52CB6411300FDE4EB /* KekaDemoProjectTests.swift */; };
		92F785C02CB6411300FDE4EB /* KekaDemoProjectUITests.swift in Sources */ = {isa = PBXBuildFile; fileRef = 92F785BF2CB6411300FDE4EB /* KekaDemoProjectUITests.swift */; };
		92F785C22CB6411300FDE4EB /* KekaDemoProjectUITestsLaunchTests.swift in Sources */ = {isa = PBXBuildFile; fileRef = 92F785C12CB6411300FDE4EB /* KekaDemoProjectUITestsLaunchTests.swift */; };
		92F785CF2CB6455D00FDE4EB /* ContentViewModel.swift in Sources */ = {isa = PBXBuildFile; fileRef = 92F785CE2CB6455D00FDE4EB /* ContentViewModel.swift */; };
/* End PBXBuildFile section */

/* Begin PBXContainerItemProxy section */
		92F785B22CB6411300FDE4EB /* PBXContainerItemProxy */ = {
			isa = PBXContainerItemProxy;
			containerPortal = 92F785942CB6410300FDE4EB /* Project object */;
			proxyType = 1;
			remoteGlobalIDString = 92F7859B2CB6410300FDE4EB;
			remoteInfo = KekaDemoProject;
		};
		92F785BC2CB6411300FDE4EB /* PBXContainerItemProxy */ = {
			isa = PBXContainerItemProxy;
			containerPortal = 92F785942CB6410300FDE4EB /* Project object */;
			proxyType = 1;
			remoteGlobalIDString = 92F7859B2CB6410300FDE4EB;
			remoteInfo = KekaDemoProject;
		};
/* End PBXContainerItemProxy section */

/* Begin PBXFileReference section */
		92943E9A2CB67C6C00763691 /* ArticleView.swift */ = {isa = PBXFileReference; lastKnownFileType = sourcecode.swift; path = ArticleView.swift; sourceTree = "<group>"; };
		92943E9E2CB6B90A00763691 /* ArticleViewModel.swift */ = {isa = PBXFileReference; lastKnownFileType = sourcecode.swift; path = ArticleViewModel.swift; sourceTree = "<group>"; };
		929DF5F82CB64C1100A9655D /* Article.swift */ = {isa = PBXFileReference; lastKnownFileType = sourcecode.swift; path = Article.swift; sourceTree = "<group>"; };
		929DF5FB2CB6512100A9655D /* APIEndpoints.swift */ = {isa = PBXFileReference; lastKnownFileType = sourcecode.swift; path = APIEndpoints.swift; sourceTree = "<group>"; };
		929DF5FE2CB653B100A9655D /* NetworkManager.swift */ = {isa = PBXFileReference; lastKnownFileType = sourcecode.swift; path = NetworkManager.swift; sourceTree = "<group>"; };
		929DF6002CB654B100A9655D /* NetworkManagerProtocol.swift */ = {isa = PBXFileReference; lastKnownFileType = sourcecode.swift; path = NetworkManagerProtocol.swift; sourceTree = "<group>"; };
		92F0FDDE2CB66247003A2778 /* ArticleService.swift */ = {isa = PBXFileReference; lastKnownFileType = sourcecode.swift; path = ArticleService.swift; sourceTree = "<group>"; };
		92F0FDE02CB6625B003A2778 /* ArticleServiceProtocol.swift */ = {isa = PBXFileReference; lastKnownFileType = sourcecode.swift; path = ArticleServiceProtocol.swift; sourceTree = "<group>"; };
		92F7859C2CB6410300FDE4EB /* KekaDemoProject.app */ = {isa = PBXFileReference; explicitFileType = wrapper.application; includeInIndex = 0; path = KekaDemoProject.app; sourceTree = BUILT_PRODUCTS_DIR; };
		92F7859F2CB6410300FDE4EB /* KekaDemoProjectApp.swift */ = {isa = PBXFileReference; lastKnownFileType = sourcecode.swift; path = KekaDemoProjectApp.swift; sourceTree = "<group>"; };
		92F785A12CB6410300FDE4EB /* ContentView.swift */ = {isa = PBXFileReference; lastKnownFileType = sourcecode.swift; path = ContentView.swift; sourceTree = "<group>"; };
		92F785A32CB6411300FDE4EB /* Assets.xcassets */ = {isa = PBXFileReference; lastKnownFileType = folder.assetcatalog; path = Assets.xcassets; sourceTree = "<group>"; };
		92F785A62CB6411300FDE4EB /* Preview Assets.xcassets */ = {isa = PBXFileReference; lastKnownFileType = folder.assetcatalog; path = "Preview Assets.xcassets"; sourceTree = "<group>"; };
		92F785A82CB6411300FDE4EB /* CoreDataStack.swift */ = {isa = PBXFileReference; lastKnownFileType = sourcecode.swift; path = CoreDataStack.swift; sourceTree = "<group>"; };
		92F785AB2CB6411300FDE4EB /* KekaDemoProject.xcdatamodel */ = {isa = PBXFileReference; lastKnownFileType = wrapper.xcdatamodel; path = KekaDemoProject.xcdatamodel; sourceTree = "<group>"; };
		92F785B12CB6411300FDE4EB /* KekaDemoProjectTests.xctest */ = {isa = PBXFileReference; explicitFileType = wrapper.cfbundle; includeInIndex = 0; path = KekaDemoProjectTests.xctest; sourceTree = BUILT_PRODUCTS_DIR; };
		92F785B52CB6411300FDE4EB /* KekaDemoProjectTests.swift */ = {isa = PBXFileReference; lastKnownFileType = sourcecode.swift; path = KekaDemoProjectTests.swift; sourceTree = "<group>"; };
		92F785BB2CB6411300FDE4EB /* KekaDemoProjectUITests.xctest */ = {isa = PBXFileReference; explicitFileType = wrapper.cfbundle; includeInIndex = 0; path = KekaDemoProjectUITests.xctest; sourceTree = BUILT_PRODUCTS_DIR; };
		92F785BF2CB6411300FDE4EB /* KekaDemoProjectUITests.swift */ = {isa = PBXFileReference; lastKnownFileType = sourcecode.swift; path = KekaDemoProjectUITests.swift; sourceTree = "<group>"; };
		92F785C12CB6411300FDE4EB /* KekaDemoProjectUITestsLaunchTests.swift */ = {isa = PBXFileReference; lastKnownFileType = sourcecode.swift; path = KekaDemoProjectUITestsLaunchTests.swift; sourceTree = "<group>"; };
		92F785CE2CB6455D00FDE4EB /* ContentViewModel.swift */ = {isa = PBXFileReference; lastKnownFileType = sourcecode.swift; path = ContentViewModel.swift; sourceTree = "<group>"; };
/* End PBXFileReference section */

/* Begin PBXFrameworksBuildPhase section */
		92F785992CB6410300FDE4EB /* Frameworks */ = {
			isa = PBXFrameworksBuildPhase;
			buildActionMask = 2147483647;
			files = (
			);
			runOnlyForDeploymentPostprocessing = 0;
		};
		92F785AE2CB6411300FDE4EB /* Frameworks */ = {
			isa = PBXFrameworksBuildPhase;
			buildActionMask = 2147483647;
			files = (
			);
			runOnlyForDeploymentPostprocessing = 0;
		};
		92F785B82CB6411300FDE4EB /* Frameworks */ = {
			isa = PBXFrameworksBuildPhase;
			buildActionMask = 2147483647;
			files = (
			);
			runOnlyForDeploymentPostprocessing = 0;
		};
/* End PBXFrameworksBuildPhase section */

/* Begin PBXGroup section */
		92943E9C2CB6B8D100763691 /* View */ = {
			isa = PBXGroup;
			children = (
				92F785A12CB6410300FDE4EB /* ContentView.swift */,
				92943E9A2CB67C6C00763691 /* ArticleView.swift */,
			);
			path = View;
			sourceTree = "<group>";
		};
		92943E9D2CB6B8DC00763691 /* ViewModel */ = {
			isa = PBXGroup;
			children = (
				92F785CE2CB6455D00FDE4EB /* ContentViewModel.swift */,
				92943E9E2CB6B90A00763691 /* ArticleViewModel.swift */,
			);
			path = ViewModel;
			sourceTree = "<group>";
		};
		929DF5F32CB64BEA00A9655D /* CoreData */ = {
			isa = PBXGroup;
			children = (
				92F785A82CB6411300FDE4EB /* CoreDataStack.swift */,
				92F785AA2CB6411300FDE4EB /* KekaDemoProject.xcdatamodeld */,
			);
			path = CoreData;
			sourceTree = "<group>";
		};
		929DF5FD2CB6537700A9655D /* Networking */ = {
			isa = PBXGroup;
			children = (
				929DF6002CB654B100A9655D /* NetworkManagerProtocol.swift */,
				929DF5FE2CB653B100A9655D /* NetworkManager.swift */,
				929DF5FB2CB6512100A9655D /* APIEndpoints.swift */,
			);
			path = Networking;
			sourceTree = "<group>";
		};
		92F0FDDD2CB6620E003A2778 /* Service */ = {
			isa = PBXGroup;
			children = (
				92F0FDE02CB6625B003A2778 /* ArticleServiceProtocol.swift */,
				92F0FDDE2CB66247003A2778 /* ArticleService.swift */,
			);
			path = Service;
			sourceTree = "<group>";
		};
		92F785932CB6410300FDE4EB = {
			isa = PBXGroup;
			children = (
				92F7859E2CB6410300FDE4EB /* KekaDemoProject */,
				92F785B42CB6411300FDE4EB /* KekaDemoProjectTests */,
				92F785BE2CB6411300FDE4EB /* KekaDemoProjectUITests */,
				92F7859D2CB6410300FDE4EB /* Products */,
			);
			sourceTree = "<group>";
		};
		92F7859D2CB6410300FDE4EB /* Products */ = {
			isa = PBXGroup;
			children = (
				92F7859C2CB6410300FDE4EB /* KekaDemoProject.app */,
				92F785B12CB6411300FDE4EB /* KekaDemoProjectTests.xctest */,
				92F785BB2CB6411300FDE4EB /* KekaDemoProjectUITests.xctest */,
			);
			name = Products;
			sourceTree = "<group>";
		};
		92F7859E2CB6410300FDE4EB /* KekaDemoProject */ = {
			isa = PBXGroup;
			children = (
				92F7859F2CB6410300FDE4EB /* KekaDemoProjectApp.swift */,
				929DF5FD2CB6537700A9655D /* Networking */,
				92F0FDDD2CB6620E003A2778 /* Service */,
				929DF5F32CB64BEA00A9655D /* CoreData */,
				92F785D02CB6462C00FDE4EB /* Model */,
				92943E9C2CB6B8D100763691 /* View */,
				92943E9D2CB6B8DC00763691 /* ViewModel */,
				92F785A32CB6411300FDE4EB /* Assets.xcassets */,
				92F785A52CB6411300FDE4EB /* Preview Content */,
			);
			path = KekaDemoProject;
			sourceTree = "<group>";
		};
		92F785A52CB6411300FDE4EB /* Preview Content */ = {
			isa = PBXGroup;
			children = (
				92F785A62CB6411300FDE4EB /* Preview Assets.xcassets */,
			);
			path = "Preview Content";
			sourceTree = "<group>";
		};
		92F785B42CB6411300FDE4EB /* KekaDemoProjectTests */ = {
			isa = PBXGroup;
			children = (
				92F785B52CB6411300FDE4EB /* KekaDemoProjectTests.swift */,
			);
			path = KekaDemoProjectTests;
			sourceTree = "<group>";
		};
		92F785BE2CB6411300FDE4EB /* KekaDemoProjectUITests */ = {
			isa = PBXGroup;
			children = (
				92F785BF2CB6411300FDE4EB /* KekaDemoProjectUITests.swift */,
				92F785C12CB6411300FDE4EB /* KekaDemoProjectUITestsLaunchTests.swift */,
			);
			path = KekaDemoProjectUITests;
			sourceTree = "<group>";
		};
		92F785D02CB6462C00FDE4EB /* Model */ = {
			isa = PBXGroup;
			children = (
				929DF5F82CB64C1100A9655D /* Article.swift */,
			);
			path = Model;
			sourceTree = "<group>";
		};
/* End PBXGroup section */

/* Begin PBXNativeTarget section */
		92F7859B2CB6410300FDE4EB /* KekaDemoProject */ = {
			isa = PBXNativeTarget;
			buildConfigurationList = 92F785C52CB6411300FDE4EB /* Build configuration list for PBXNativeTarget "KekaDemoProject" */;
			buildPhases = (
				92F785982CB6410300FDE4EB /* Sources */,
				92F785992CB6410300FDE4EB /* Frameworks */,
				92F7859A2CB6410300FDE4EB /* Resources */,
			);
			buildRules = (
			);
			dependencies = (
			);
			name = KekaDemoProject;
			productName = KekaDemoProject;
			productReference = 92F7859C2CB6410300FDE4EB /* KekaDemoProject.app */;
			productType = "com.apple.product-type.application";
		};
		92F785B02CB6411300FDE4EB /* KekaDemoProjectTests */ = {
			isa = PBXNativeTarget;
			buildConfigurationList = 92F785C82CB6411300FDE4EB /* Build configuration list for PBXNativeTarget "KekaDemoProjectTests" */;
			buildPhases = (
				92F785AD2CB6411300FDE4EB /* Sources */,
				92F785AE2CB6411300FDE4EB /* Frameworks */,
				92F785AF2CB6411300FDE4EB /* Resources */,
			);
			buildRules = (
			);
			dependencies = (
				92F785B32CB6411300FDE4EB /* PBXTargetDependency */,
			);
			name = KekaDemoProjectTests;
			productName = KekaDemoProjectTests;
			productReference = 92F785B12CB6411300FDE4EB /* KekaDemoProjectTests.xctest */;
			productType = "com.apple.product-type.bundle.unit-test";
		};
		92F785BA2CB6411300FDE4EB /* KekaDemoProjectUITests */ = {
			isa = PBXNativeTarget;
			buildConfigurationList = 92F785CB2CB6411300FDE4EB /* Build configuration list for PBXNativeTarget "KekaDemoProjectUITests" */;
			buildPhases = (
				92F785B72CB6411300FDE4EB /* Sources */,
				92F785B82CB6411300FDE4EB /* Frameworks */,
				92F785B92CB6411300FDE4EB /* Resources */,
			);
			buildRules = (
			);
			dependencies = (
				92F785BD2CB6411300FDE4EB /* PBXTargetDependency */,
			);
			name = KekaDemoProjectUITests;
			productName = KekaDemoProjectUITests;
			productReference = 92F785BB2CB6411300FDE4EB /* KekaDemoProjectUITests.xctest */;
			productType = "com.apple.product-type.bundle.ui-testing";
		};
/* End PBXNativeTarget section */

/* Begin PBXProject section */
		92F785942CB6410300FDE4EB /* Project object */ = {
			isa = PBXProject;
			attributes = {
				BuildIndependentTargetsInParallel = 1;
				LastSwiftUpdateCheck = 1540;
				LastUpgradeCheck = 1540;
				TargetAttributes = {
					92F7859B2CB6410300FDE4EB = {
						CreatedOnToolsVersion = 15.4;
					};
					92F785B02CB6411300FDE4EB = {
						CreatedOnToolsVersion = 15.4;
						TestTargetID = 92F7859B2CB6410300FDE4EB;
					};
					92F785BA2CB6411300FDE4EB = {
						CreatedOnToolsVersion = 15.4;
						TestTargetID = 92F7859B2CB6410300FDE4EB;
					};
				};
			};
			buildConfigurationList = 92F785972CB6410300FDE4EB /* Build configuration list for PBXProject "KekaDemoProject" */;
			compatibilityVersion = "Xcode 14.0";
			developmentRegion = en;
			hasScannedForEncodings = 0;
			knownRegions = (
				en,
				Base,
			);
			mainGroup = 92F785932CB6410300FDE4EB;
			productRefGroup = 92F7859D2CB6410300FDE4EB /* Products */;
			projectDirPath = "";
			projectRoot = "";
			targets = (
				92F7859B2CB6410300FDE4EB /* KekaDemoProject */,
				92F785B02CB6411300FDE4EB /* KekaDemoProjectTests */,
				92F785BA2CB6411300FDE4EB /* KekaDemoProjectUITests */,
			);
		};
/* End PBXProject section */

/* Begin PBXResourcesBuildPhase section */
		92F7859A2CB6410300FDE4EB /* Resources */ = {
			isa = PBXResourcesBuildPhase;
			buildActionMask = 2147483647;
			files = (
				92F785A72CB6411300FDE4EB /* Preview Assets.xcassets in Resources */,
				92F785A42CB6411300FDE4EB /* Assets.xcassets in Resources */,
			);
			runOnlyForDeploymentPostprocessing = 0;
		};
		92F785AF2CB6411300FDE4EB /* Resources */ = {
			isa = PBXResourcesBuildPhase;
			buildActionMask = 2147483647;
			files = (
			);
			runOnlyForDeploymentPostprocessing = 0;
		};
		92F785B92CB6411300FDE4EB /* Resources */ = {
			isa = PBXResourcesBuildPhase;
			buildActionMask = 2147483647;
			files = (
			);
			runOnlyForDeploymentPostprocessing = 0;
		};
/* End PBXResourcesBuildPhase section */

/* Begin PBXSourcesBuildPhase section */
		92F785982CB6410300FDE4EB /* Sources */ = {
			isa = PBXSourcesBuildPhase;
			buildActionMask = 2147483647;
			files = (
				92F0FDE12CB6625B003A2778 /* ArticleServiceProtocol.swift in Sources */,
				92F785AC2CB6411300FDE4EB /* KekaDemoProject.xcdatamodeld in Sources */,
				92943E9F2CB6B90A00763691 /* ArticleViewModel.swift in Sources */,
				92F785A92CB6411300FDE4EB /* CoreDataStack.swift in Sources */,
				929DF5FF2CB653B100A9655D /* NetworkManager.swift in Sources */,
				929DF5FC2CB6512100A9655D /* APIEndpoints.swift in Sources */,
				929DF6012CB654B100A9655D /* NetworkManagerProtocol.swift in Sources */,
				929DF5F92CB64C1100A9655D /* Article.swift in Sources */,
				92F0FDDF2CB66247003A2778 /* ArticleService.swift in Sources */,
				92F785A22CB6410300FDE4EB /* ContentView.swift in Sources */,
				92F785A02CB6410300FDE4EB /* KekaDemoProjectApp.swift in Sources */,
				92943E9B2CB67C6C00763691 /* ArticleView.swift in Sources */,
				92F785CF2CB6455D00FDE4EB /* ContentViewModel.swift in Sources */,
			);
			runOnlyForDeploymentPostprocessing = 0;
		};
		92F785AD2CB6411300FDE4EB /* Sources */ = {
			isa = PBXSourcesBuildPhase;
			buildActionMask = 2147483647;
			files = (
				92F785B62CB6411300FDE4EB /* KekaDemoProjectTests.swift in Sources */,
			);
			runOnlyForDeploymentPostprocessing = 0;
		};
		92F785B72CB6411300FDE4EB /* Sources */ = {
			isa = PBXSourcesBuildPhase;
			buildActionMask = 2147483647;
			files = (
				92F785C02CB6411300FDE4EB /* KekaDemoProjectUITests.swift in Sources */,
				92F785C22CB6411300FDE4EB /* KekaDemoProjectUITestsLaunchTests.swift in Sources */,
			);
			runOnlyForDeploymentPostprocessing = 0;
		};
/* End PBXSourcesBuildPhase section */

/* Begin PBXTargetDependency section */
		92F785B32CB6411300FDE4EB /* PBXTargetDependency */ = {
			isa = PBXTargetDependency;
			target = 92F7859B2CB6410300FDE4EB /* KekaDemoProject */;
			targetProxy = 92F785B22CB6411300FDE4EB /* PBXContainerItemProxy */;
		};
		92F785BD2CB6411300FDE4EB /* PBXTargetDependency */ = {
			isa = PBXTargetDependency;
			target = 92F7859B2CB6410300FDE4EB /* KekaDemoProject */;
			targetProxy = 92F785BC2CB6411300FDE4EB /* PBXContainerItemProxy */;
		};
/* End PBXTargetDependency section */

/* Begin XCBuildConfiguration section */
		92F785C32CB6411300FDE4EB /* Debug */ = {
			isa = XCBuildConfiguration;
			buildSettings = {
				ALWAYS_SEARCH_USER_PATHS = NO;
				ASSETCATALOG_COMPILER_GENERATE_SWIFT_ASSET_SYMBOL_EXTENSIONS = YES;
				CLANG_ANALYZER_NONNULL = YES;
				CLANG_ANALYZER_NUMBER_OBJECT_CONVERSION = YES_AGGRESSIVE;
				CLANG_CXX_LANGUAGE_STANDARD = "gnu++20";
				CLANG_ENABLE_MODULES = YES;
				CLANG_ENABLE_OBJC_ARC = YES;
				CLANG_ENABLE_OBJC_WEAK = YES;
				CLANG_WARN_BLOCK_CAPTURE_AUTORELEASING = YES;
				CLANG_WARN_BOOL_CONVERSION = YES;
				CLANG_WARN_COMMA = YES;
				CLANG_WARN_CONSTANT_CONVERSION = YES;
				CLANG_WARN_DEPRECATED_OBJC_IMPLEMENTATIONS = YES;
				CLANG_WARN_DIRECT_OBJC_ISA_USAGE = YES_ERROR;
				CLANG_WARN_DOCUMENTATION_COMMENTS = YES;
				CLANG_WARN_EMPTY_BODY = YES;
				CLANG_WARN_ENUM_CONVERSION = YES;
				CLANG_WARN_INFINITE_RECURSION = YES;
				CLANG_WARN_INT_CONVERSION = YES;
				CLANG_WARN_NON_LITERAL_NULL_CONVERSION = YES;
				CLANG_WARN_OBJC_IMPLICIT_RETAIN_SELF = YES;
				CLANG_WARN_OBJC_LITERAL_CONVERSION = YES;
				CLANG_WARN_OBJC_ROOT_CLASS = YES_ERROR;
				CLANG_WARN_QUOTED_INCLUDE_IN_FRAMEWORK_HEADER = YES;
				CLANG_WARN_RANGE_LOOP_ANALYSIS = YES;
				CLANG_WARN_STRICT_PROTOTYPES = YES;
				CLANG_WARN_SUSPICIOUS_MOVE = YES;
				CLANG_WARN_UNGUARDED_AVAILABILITY = YES_AGGRESSIVE;
				CLANG_WARN_UNREACHABLE_CODE = YES;
				CLANG_WARN__DUPLICATE_METHOD_MATCH = YES;
				COPY_PHASE_STRIP = NO;
				DEBUG_INFORMATION_FORMAT = dwarf;
				ENABLE_STRICT_OBJC_MSGSEND = YES;
				ENABLE_TESTABILITY = YES;
				ENABLE_USER_SCRIPT_SANDBOXING = YES;
				GCC_C_LANGUAGE_STANDARD = gnu17;
				GCC_DYNAMIC_NO_PIC = NO;
				GCC_NO_COMMON_BLOCKS = YES;
				GCC_OPTIMIZATION_LEVEL = 0;
				GCC_PREPROCESSOR_DEFINITIONS = (
					"DEBUG=1",
					"$(inherited)",
				);
				GCC_WARN_64_TO_32_BIT_CONVERSION = YES;
				GCC_WARN_ABOUT_RETURN_TYPE = YES_ERROR;
				GCC_WARN_UNDECLARED_SELECTOR = YES;
				GCC_WARN_UNINITIALIZED_AUTOS = YES_AGGRESSIVE;
				GCC_WARN_UNUSED_FUNCTION = YES;
				GCC_WARN_UNUSED_VARIABLE = YES;
				IPHONEOS_DEPLOYMENT_TARGET = 17.5;
				LOCALIZATION_PREFERS_STRING_CATALOGS = YES;
				MTL_ENABLE_DEBUG_INFO = INCLUDE_SOURCE;
				MTL_FAST_MATH = YES;
				ONLY_ACTIVE_ARCH = YES;
				SDKROOT = iphoneos;
				SWIFT_ACTIVE_COMPILATION_CONDITIONS = "DEBUG $(inherited)";
				SWIFT_OPTIMIZATION_LEVEL = "-Onone";
			};
			name = Debug;
		};
		92F785C42CB6411300FDE4EB /* Release */ = {
			isa = XCBuildConfiguration;
			buildSettings = {
				ALWAYS_SEARCH_USER_PATHS = NO;
				ASSETCATALOG_COMPILER_GENERATE_SWIFT_ASSET_SYMBOL_EXTENSIONS = YES;
				CLANG_ANALYZER_NONNULL = YES;
				CLANG_ANALYZER_NUMBER_OBJECT_CONVERSION = YES_AGGRESSIVE;
				CLANG_CXX_LANGUAGE_STANDARD = "gnu++20";
				CLANG_ENABLE_MODULES = YES;
				CLANG_ENABLE_OBJC_ARC = YES;
				CLANG_ENABLE_OBJC_WEAK = YES;
				CLANG_WARN_BLOCK_CAPTURE_AUTORELEASING = YES;
				CLANG_WARN_BOOL_CONVERSION = YES;
				CLANG_WARN_COMMA = YES;
				CLANG_WARN_CONSTANT_CONVERSION = YES;
				CLANG_WARN_DEPRECATED_OBJC_IMPLEMENTATIONS = YES;
				CLANG_WARN_DIRECT_OBJC_ISA_USAGE = YES_ERROR;
				CLANG_WARN_DOCUMENTATION_COMMENTS = YES;
				CLANG_WARN_EMPTY_BODY = YES;
				CLANG_WARN_ENUM_CONVERSION = YES;
				CLANG_WARN_INFINITE_RECURSION = YES;
				CLANG_WARN_INT_CONVERSION = YES;
				CLANG_WARN_NON_LITERAL_NULL_CONVERSION = YES;
				CLANG_WARN_OBJC_IMPLICIT_RETAIN_SELF = YES;
				CLANG_WARN_OBJC_LITERAL_CONVERSION = YES;
				CLANG_WARN_OBJC_ROOT_CLASS = YES_ERROR;
				CLANG_WARN_QUOTED_INCLUDE_IN_FRAMEWORK_HEADER = YES;
				CLANG_WARN_RANGE_LOOP_ANALYSIS = YES;
				CLANG_WARN_STRICT_PROTOTYPES = YES;
				CLANG_WARN_SUSPICIOUS_MOVE = YES;
				CLANG_WARN_UNGUARDED_AVAILABILITY = YES_AGGRESSIVE;
				CLANG_WARN_UNREACHABLE_CODE = YES;
				CLANG_WARN__DUPLICATE_METHOD_MATCH = YES;
				COPY_PHASE_STRIP = NO;
				DEBUG_INFORMATION_FORMAT = "dwarf-with-dsym";
				ENABLE_NS_ASSERTIONS = NO;
				ENABLE_STRICT_OBJC_MSGSEND = YES;
				ENABLE_USER_SCRIPT_SANDBOXING = YES;
				GCC_C_LANGUAGE_STANDARD = gnu17;
				GCC_NO_COMMON_BLOCKS = YES;
				GCC_WARN_64_TO_32_BIT_CONVERSION = YES;
				GCC_WARN_ABOUT_RETURN_TYPE = YES_ERROR;
				GCC_WARN_UNDECLARED_SELECTOR = YES;
				GCC_WARN_UNINITIALIZED_AUTOS = YES_AGGRESSIVE;
				GCC_WARN_UNUSED_FUNCTION = YES;
				GCC_WARN_UNUSED_VARIABLE = YES;
				IPHONEOS_DEPLOYMENT_TARGET = 17.5;
				LOCALIZATION_PREFERS_STRING_CATALOGS = YES;
				MTL_ENABLE_DEBUG_INFO = NO;
				MTL_FAST_MATH = YES;
				SDKROOT = iphoneos;
				SWIFT_COMPILATION_MODE = wholemodule;
				VALIDATE_PRODUCT = YES;
			};
			name = Release;
		};
		92F785C62CB6411300FDE4EB /* Debug */ = {
			isa = XCBuildConfiguration;
			buildSettings = {
				ASSETCATALOG_COMPILER_APPICON_NAME = AppIcon;
				ASSETCATALOG_COMPILER_GLOBAL_ACCENT_COLOR_NAME = AccentColor;
				CODE_SIGN_STYLE = Automatic;
				CURRENT_PROJECT_VERSION = 1;
				DEVELOPMENT_ASSET_PATHS = "\"KekaDemoProject/Preview Content\"";
				DEVELOPMENT_TEAM = 45KK7529RN;
				ENABLE_PREVIEWS = YES;
				GENERATE_INFOPLIST_FILE = YES;
				INFOPLIST_KEY_UIApplicationSceneManifest_Generation = YES;
				INFOPLIST_KEY_UIApplicationSupportsIndirectInputEvents = YES;
				INFOPLIST_KEY_UILaunchScreen_Generation = YES;
				INFOPLIST_KEY_UISupportedInterfaceOrientations_iPad = "UIInterfaceOrientationPortrait UIInterfaceOrientationPortraitUpsideDown UIInterfaceOrientationLandscapeLeft UIInterfaceOrientationLandscapeRight";
				INFOPLIST_KEY_UISupportedInterfaceOrientations_iPhone = "UIInterfaceOrientationPortrait UIInterfaceOrientationLandscapeLeft UIInterfaceOrientationLandscapeRight";
				LD_RUNPATH_SEARCH_PATHS = (
					"$(inherited)",
					"@executable_path/Frameworks",
				);
				MARKETING_VERSION = 1.0;
				PRODUCT_BUNDLE_IDENTIFIER = com.dot.KekaDemoProject;
				PRODUCT_NAME = "$(TARGET_NAME)";
				SWIFT_EMIT_LOC_STRINGS = YES;
				SWIFT_VERSION = 5.0;
				TARGETED_DEVICE_FAMILY = "1,2";
			};
			name = Debug;
		};
		92F785C72CB6411300FDE4EB /* Release */ = {
			isa = XCBuildConfiguration;
			buildSettings = {
				ASSETCATALOG_COMPILER_APPICON_NAME = AppIcon;
				ASSETCATALOG_COMPILER_GLOBAL_ACCENT_COLOR_NAME = AccentColor;
				CODE_SIGN_STYLE = Automatic;
				CURRENT_PROJECT_VERSION = 1;
				DEVELOPMENT_ASSET_PATHS = "\"KekaDemoProject/Preview Content\"";
				DEVELOPMENT_TEAM = 45KK7529RN;
				ENABLE_PREVIEWS = YES;
				GENERATE_INFOPLIST_FILE = YES;
				INFOPLIST_KEY_UIApplicationSceneManifest_Generation = YES;
				INFOPLIST_KEY_UIApplicationSupportsIndirectInputEvents = YES;
				INFOPLIST_KEY_UILaunchScreen_Generation = YES;
				INFOPLIST_KEY_UISupportedInterfaceOrientations_iPad = "UIInterfaceOrientationPortrait UIInterfaceOrientationPortraitUpsideDown UIInterfaceOrientationLandscapeLeft UIInterfaceOrientationLandscapeRight";
				INFOPLIST_KEY_UISupportedInterfaceOrientations_iPhone = "UIInterfaceOrientationPortrait UIInterfaceOrientationLandscapeLeft UIInterfaceOrientationLandscapeRight";
				LD_RUNPATH_SEARCH_PATHS = (
					"$(inherited)",
					"@executable_path/Frameworks",
				);
				MARKETING_VERSION = 1.0;
				PRODUCT_BUNDLE_IDENTIFIER = com.dot.KekaDemoProject;
				PRODUCT_NAME = "$(TARGET_NAME)";
				SWIFT_EMIT_LOC_STRINGS = YES;
				SWIFT_VERSION = 5.0;
				TARGETED_DEVICE_FAMILY = "1,2";
			};
			name = Release;
		};
		92F785C92CB6411300FDE4EB /* Debug */ = {
			isa = XCBuildConfiguration;
			buildSettings = {
				ALWAYS_EMBED_SWIFT_STANDARD_LIBRARIES = YES;
				BUNDLE_LOADER = "$(TEST_HOST)";
				CODE_SIGN_STYLE = Automatic;
				CURRENT_PROJECT_VERSION = 1;
				DEVELOPMENT_TEAM = 45KK7529RN;
				GENERATE_INFOPLIST_FILE = YES;
				IPHONEOS_DEPLOYMENT_TARGET = 17.5;
				MARKETING_VERSION = 1.0;
				PRODUCT_BUNDLE_IDENTIFIER = com.dot.KekaDemoProjectTests;
				PRODUCT_NAME = "$(TARGET_NAME)";
				SWIFT_EMIT_LOC_STRINGS = NO;
				SWIFT_VERSION = 5.0;
				TARGETED_DEVICE_FAMILY = "1,2";
				TEST_HOST = "$(BUILT_PRODUCTS_DIR)/KekaDemoProject.app/$(BUNDLE_EXECUTABLE_FOLDER_PATH)/KekaDemoProject";
			};
			name = Debug;
		};
		92F785CA2CB6411300FDE4EB /* Release */ = {
			isa = XCBuildConfiguration;
			buildSettings = {
				ALWAYS_EMBED_SWIFT_STANDARD_LIBRARIES = YES;
				BUNDLE_LOADER = "$(TEST_HOST)";
				CODE_SIGN_STYLE = Automatic;
				CURRENT_PROJECT_VERSION = 1;
				DEVELOPMENT_TEAM = 45KK7529RN;
				GENERATE_INFOPLIST_FILE = YES;
				IPHONEOS_DEPLOYMENT_TARGET = 17.5;
				MARKETING_VERSION = 1.0;
				PRODUCT_BUNDLE_IDENTIFIER = com.dot.KekaDemoProjectTests;
				PRODUCT_NAME = "$(TARGET_NAME)";
				SWIFT_EMIT_LOC_STRINGS = NO;
				SWIFT_VERSION = 5.0;
				TARGETED_DEVICE_FAMILY = "1,2";
				TEST_HOST = "$(BUILT_PRODUCTS_DIR)/KekaDemoProject.app/$(BUNDLE_EXECUTABLE_FOLDER_PATH)/KekaDemoProject";
			};
			name = Release;
		};
		92F785CC2CB6411300FDE4EB /* Debug */ = {
			isa = XCBuildConfiguration;
			buildSettings = {
				ALWAYS_EMBED_SWIFT_STANDARD_LIBRARIES = YES;
				CODE_SIGN_STYLE = Automatic;
				CURRENT_PROJECT_VERSION = 1;
				DEVELOPMENT_TEAM = 45KK7529RN;
				GENERATE_INFOPLIST_FILE = YES;
				MARKETING_VERSION = 1.0;
				PRODUCT_BUNDLE_IDENTIFIER = com.dot.KekaDemoProjectUITests;
				PRODUCT_NAME = "$(TARGET_NAME)";
				SWIFT_EMIT_LOC_STRINGS = NO;
				SWIFT_VERSION = 5.0;
				TARGETED_DEVICE_FAMILY = "1,2";
				TEST_TARGET_NAME = KekaDemoProject;
			};
			name = Debug;
		};
		92F785CD2CB6411300FDE4EB /* Release */ = {
			isa = XCBuildConfiguration;
			buildSettings = {
				ALWAYS_EMBED_SWIFT_STANDARD_LIBRARIES = YES;
				CODE_SIGN_STYLE = Automatic;
				CURRENT_PROJECT_VERSION = 1;
				DEVELOPMENT_TEAM = 45KK7529RN;
				GENERATE_INFOPLIST_FILE = YES;
				MARKETING_VERSION = 1.0;
				PRODUCT_BUNDLE_IDENTIFIER = com.dot.KekaDemoProjectUITests;
				PRODUCT_NAME = "$(TARGET_NAME)";
				SWIFT_EMIT_LOC_STRINGS = NO;
				SWIFT_VERSION = 5.0;
				TARGETED_DEVICE_FAMILY = "1,2";
				TEST_TARGET_NAME = KekaDemoProject;
			};
			name = Release;
		};
/* End XCBuildConfiguration section */

/* Begin XCConfigurationList section */
		92F785972CB6410300FDE4EB /* Build configuration list for PBXProject "KekaDemoProject" */ = {
			isa = XCConfigurationList;
			buildConfigurations = (
				92F785C32CB6411300FDE4EB /* Debug */,
				92F785C42CB6411300FDE4EB /* Release */,
			);
			defaultConfigurationIsVisible = 0;
			defaultConfigurationName = Release;
		};
		92F785C52CB6411300FDE4EB /* Build configuration list for PBXNativeTarget "KekaDemoProject" */ = {
			isa = XCConfigurationList;
			buildConfigurations = (
				92F785C62CB6411300FDE4EB /* Debug */,
				92F785C72CB6411300FDE4EB /* Release */,
			);
			defaultConfigurationIsVisible = 0;
			defaultConfigurationName = Release;
		};
		92F785C82CB6411300FDE4EB /* Build configuration list for PBXNativeTarget "KekaDemoProjectTests" */ = {
			isa = XCConfigurationList;
			buildConfigurations = (
				92F785C92CB6411300FDE4EB /* Debug */,
				92F785CA2CB6411300FDE4EB /* Release */,
			);
			defaultConfigurationIsVisible = 0;
			defaultConfigurationName = Release;
		};
		92F785CB2CB6411300FDE4EB /* Build configuration list for PBXNativeTarget "KekaDemoProjectUITests" */ = {
			isa = XCConfigurationList;
			buildConfigurations = (
				92F785CC2CB6411300FDE4EB /* Debug */,
				92F785CD2CB6411300FDE4EB /* Release */,
			);
			defaultConfigurationIsVisible = 0;
			defaultConfigurationName = Release;
		};
/* End XCConfigurationList section */

/* Begin XCVersionGroup section */
		92F785AA2CB6411300FDE4EB /* KekaDemoProject.xcdatamodeld */ = {
			isa = XCVersionGroup;
			children = (
				92F785AB2CB6411300FDE4EB /* KekaDemoProject.xcdatamodel */,
			);
			currentVersion = 92F785AB2CB6411300FDE4EB /* KekaDemoProject.xcdatamodel */;
			path = KekaDemoProject.xcdatamodeld;
			sourceTree = "<group>";
			versionGroupType = wrapper.xcdatamodel;
		};
/* End XCVersionGroup section */
	};
	rootObject = 92F785942CB6410300FDE4EB /* Project object */;
}
